// !$*UTF8*$!
{
	archiveVersion = 1;
	classes = {
	};
	objectVersion = 55;
	objects = {

/* Begin PBXBuildFile section */
		34DCA7972714371A0053FCE1 /* AppDelegate.swift in Sources */ = {isa = PBXBuildFile; fileRef = 34DCA7962714371A0053FCE1 /* AppDelegate.swift */; };
		34DCA7992714371A0053FCE1 /* SceneDelegate.swift in Sources */ = {isa = PBXBuildFile; fileRef = 34DCA7982714371A0053FCE1 /* SceneDelegate.swift */; };
		34DCA79B2714371A0053FCE1 /* ViewController.swift in Sources */ = {isa = PBXBuildFile; fileRef = 34DCA79A2714371A0053FCE1 /* ViewController.swift */; };
		34DCA79E2714371A0053FCE1 /* Main.storyboard in Resources */ = {isa = PBXBuildFile; fileRef = 34DCA79C2714371A0053FCE1 /* Main.storyboard */; };
		34DCA7A12714371A0053FCE1 /* The_Book.xcdatamodeld in Sources */ = {isa = PBXBuildFile; fileRef = 34DCA79F2714371A0053FCE1 /* The_Book.xcdatamodeld */; };
		34DCA7A32714371C0053FCE1 /* Assets.xcassets in Resources */ = {isa = PBXBuildFile; fileRef = 34DCA7A22714371C0053FCE1 /* Assets.xcassets */; };
		34DCA7A62714371C0053FCE1 /* LaunchScreen.storyboard in Resources */ = {isa = PBXBuildFile; fileRef = 34DCA7A42714371C0053FCE1 /* LaunchScreen.storyboard */; };
		34DCA7AF2714380B0053FCE1 /* Book.swift in Sources */ = {isa = PBXBuildFile; fileRef = 34DCA7AE2714380B0053FCE1 /* Book.swift */; };
		34DCA7B12714385A0053FCE1 /* Author.swift in Sources */ = {isa = PBXBuildFile; fileRef = 34DCA7B02714385A0053FCE1 /* Author.swift */; };
		34FB21F927159B8500EED6FE /* TableOfContents.swift in Sources */ = {isa = PBXBuildFile; fileRef = 34FB21F827159B8500EED6FE /* TableOfContents.swift */; };
		34FB21FD27159DE000EED6FE /* Image.swift in Sources */ = {isa = PBXBuildFile; fileRef = 34FB21FC27159DE000EED6FE /* Image.swift */; };
		34FB21FF27159E1600EED6FE /* Paragraph.swift in Sources */ = {isa = PBXBuildFile; fileRef = 34FB21FE27159E1600EED6FE /* Paragraph.swift */; };
		34FB220127159E4900EED6FE /* Table.swift in Sources */ = {isa = PBXBuildFile; fileRef = 34FB220027159E4900EED6FE /* Table.swift */; };
		34FB22032715A92E00EED6FE /* Element.swift in Sources */ = {isa = PBXBuildFile; fileRef = 34FB22022715A92E00EED6FE /* Element.swift */; };
		B2CDE9C2272AABF000748F91 /* Section.swift in Sources */ = {isa = PBXBuildFile; fileRef = B2CDE9C1272AABF000748F91 /* Section.swift */; };
		B2CDE9C4272AEA1300748F91 /* Helper Functions.swift in Sources */ = {isa = PBXBuildFile; fileRef = B2CDE9C3272AEA1300748F91 /* Helper Functions.swift */; };
/* End PBXBuildFile section */

/* Begin PBXFileReference section */
		34DCA7932714371A0053FCE1 /* The Book.app */ = {isa = PBXFileReference; explicitFileType = wrapper.application; includeInIndex = 0; path = "The Book.app"; sourceTree = BUILT_PRODUCTS_DIR; };
		34DCA7962714371A0053FCE1 /* AppDelegate.swift */ = {isa = PBXFileReference; lastKnownFileType = sourcecode.swift; path = AppDelegate.swift; sourceTree = "<group>"; };
		34DCA7982714371A0053FCE1 /* SceneDelegate.swift */ = {isa = PBXFileReference; lastKnownFileType = sourcecode.swift; path = SceneDelegate.swift; sourceTree = "<group>"; };
		34DCA79A2714371A0053FCE1 /* ViewController.swift */ = {isa = PBXFileReference; lastKnownFileType = sourcecode.swift; path = ViewController.swift; sourceTree = "<group>"; };
		34DCA79D2714371A0053FCE1 /* Base */ = {isa = PBXFileReference; lastKnownFileType = file.storyboard; name = Base; path = Base.lproj/Main.storyboard; sourceTree = "<group>"; };
		34DCA7A02714371A0053FCE1 /* The_Book.xcdatamodel */ = {isa = PBXFileReference; lastKnownFileType = wrapper.xcdatamodel; path = The_Book.xcdatamodel; sourceTree = "<group>"; };
		34DCA7A22714371C0053FCE1 /* Assets.xcassets */ = {isa = PBXFileReference; lastKnownFileType = folder.assetcatalog; path = Assets.xcassets; sourceTree = "<group>"; };
		34DCA7A52714371C0053FCE1 /* Base */ = {isa = PBXFileReference; lastKnownFileType = file.storyboard; name = Base; path = Base.lproj/LaunchScreen.storyboard; sourceTree = "<group>"; };
		34DCA7A72714371C0053FCE1 /* Info.plist */ = {isa = PBXFileReference; lastKnownFileType = text.plist.xml; path = Info.plist; sourceTree = "<group>"; };
		34DCA7AE2714380B0053FCE1 /* Book.swift */ = {isa = PBXFileReference; lastKnownFileType = sourcecode.swift; path = Book.swift; sourceTree = "<group>"; };
		34DCA7B02714385A0053FCE1 /* Author.swift */ = {isa = PBXFileReference; lastKnownFileType = sourcecode.swift; path = Author.swift; sourceTree = "<group>"; };
		34FB21F827159B8500EED6FE /* TableOfContents.swift */ = {isa = PBXFileReference; lastKnownFileType = sourcecode.swift; path = TableOfContents.swift; sourceTree = "<group>"; };
		34FB21FC27159DE000EED6FE /* Image.swift */ = {isa = PBXFileReference; lastKnownFileType = sourcecode.swift; path = Image.swift; sourceTree = "<group>"; };
		34FB21FE27159E1600EED6FE /* Paragraph.swift */ = {isa = PBXFileReference; lastKnownFileType = sourcecode.swift; path = Paragraph.swift; sourceTree = "<group>"; };
		34FB220027159E4900EED6FE /* Table.swift */ = {isa = PBXFileReference; lastKnownFileType = sourcecode.swift; path = Table.swift; sourceTree = "<group>"; };
		34FB22022715A92E00EED6FE /* Element.swift */ = {isa = PBXFileReference; lastKnownFileType = sourcecode.swift; path = Element.swift; sourceTree = "<group>"; };
		B2CDE9C1272AABF000748F91 /* Section.swift */ = {isa = PBXFileReference; lastKnownFileType = sourcecode.swift; path = Section.swift; sourceTree = "<group>"; };
		B2CDE9C3272AEA1300748F91 /* Helper Functions.swift */ = {isa = PBXFileReference; lastKnownFileType = sourcecode.swift; path = "Helper Functions.swift"; sourceTree = "<group>"; };
/* End PBXFileReference section */

/* Begin PBXFrameworksBuildPhase section */
		34DCA7902714371A0053FCE1 /* Frameworks */ = {
			isa = PBXFrameworksBuildPhase;
			buildActionMask = 2147483647;
			files = (
			);
			runOnlyForDeploymentPostprocessing = 0;
		};
/* End PBXFrameworksBuildPhase section */

/* Begin PBXGroup section */
		34DCA78A2714371A0053FCE1 = {
			isa = PBXGroup;
			children = (
				34DCA7952714371A0053FCE1 /* The Book */,
				34DCA7942714371A0053FCE1 /* Products */,
			);
			sourceTree = "<group>";
		};
		34DCA7942714371A0053FCE1 /* Products */ = {
			isa = PBXGroup;
			children = (
				34DCA7932714371A0053FCE1 /* The Book.app */,
			);
			name = Products;
			sourceTree = "<group>";
		};
		34DCA7952714371A0053FCE1 /* The Book */ = {
			isa = PBXGroup;
			children = (
				B2CDE9C0272AAACA00748F91 /* Dependencies */,
				34DCA7AD271437E50053FCE1 /* Classes */,
				B2CDE9BF272AAA9E00748F91 /* Protocols (Interfaces) */,
				34DCA79A2714371A0053FCE1 /* ViewController.swift */,
				34DCA7A72714371C0053FCE1 /* Info.plist */,
			);
			path = "The Book";
			sourceTree = "<group>";
		};
		34DCA7AD271437E50053FCE1 /* Classes */ = {
			isa = PBXGroup;
			children = (
				34DCA7AE2714380B0053FCE1 /* Book.swift */,
				34DCA7B02714385A0053FCE1 /* Author.swift */,
				B2CDE9C1272AABF000748F91 /* Section.swift */,
				34FB21F827159B8500EED6FE /* TableOfContents.swift */,
				34FB21FE27159E1600EED6FE /* Paragraph.swift */,
				34FB21FC27159DE000EED6FE /* Image.swift */,
				34FB220027159E4900EED6FE /* Table.swift */,
			);
			path = Classes;
			sourceTree = "<group>";
		};
		B2CDE9BF272AAA9E00748F91 /* Protocols (Interfaces) */ = {
			isa = PBXGroup;
			children = (
				34FB22022715A92E00EED6FE /* Element.swift */,
			);
			path = "Protocols (Interfaces)";
			sourceTree = "<group>";
		};
		B2CDE9C0272AAACA00748F91 /* Dependencies */ = {
			isa = PBXGroup;
			children = (
				B2CDE9C5272AEA2200748F91 /* Custom */,
				34DCA7962714371A0053FCE1 /* AppDelegate.swift */,
				34DCA7982714371A0053FCE1 /* SceneDelegate.swift */,
				34DCA79C2714371A0053FCE1 /* Main.storyboard */,
				34DCA7A22714371C0053FCE1 /* Assets.xcassets */,
				34DCA7A42714371C0053FCE1 /* LaunchScreen.storyboard */,
				34DCA79F2714371A0053FCE1 /* The_Book.xcdatamodeld */,
			);
			path = Dependencies;
			sourceTree = "<group>";
		};
		B2CDE9C5272AEA2200748F91 /* Custom */ = {
			isa = PBXGroup;
			children = (
				B2CDE9C3272AEA1300748F91 /* Helper Functions.swift */,
			);
			path = Custom;
			sourceTree = "<group>";
		};
/* End PBXGroup section */

/* Begin PBXNativeTarget section */
		34DCA7922714371A0053FCE1 /* The Book */ = {
			isa = PBXNativeTarget;
			buildConfigurationList = 34DCA7AA2714371C0053FCE1 /* Build configuration list for PBXNativeTarget "The Book" */;
			buildPhases = (
				34DCA78F2714371A0053FCE1 /* Sources */,
				34DCA7902714371A0053FCE1 /* Frameworks */,
				34DCA7912714371A0053FCE1 /* Resources */,
			);
			buildRules = (
			);
			dependencies = (
			);
			name = "The Book";
			productName = "The Book";
			productReference = 34DCA7932714371A0053FCE1 /* The Book.app */;
			productType = "com.apple.product-type.application";
		};
/* End PBXNativeTarget section */

/* Begin PBXProject section */
		34DCA78B2714371A0053FCE1 /* Project object */ = {
			isa = PBXProject;
			attributes = {
				BuildIndependentTargetsInParallel = 1;
				LastSwiftUpdateCheck = 1300;
				LastUpgradeCheck = 1300;
				TargetAttributes = {
					34DCA7922714371A0053FCE1 = {
						CreatedOnToolsVersion = 13.0;
					};
				};
			};
			buildConfigurationList = 34DCA78E2714371A0053FCE1 /* Build configuration list for PBXProject "The Book" */;
			compatibilityVersion = "Xcode 13.0";
			developmentRegion = en;
			hasScannedForEncodings = 0;
			knownRegions = (
				en,
				Base,
			);
			mainGroup = 34DCA78A2714371A0053FCE1;
			productRefGroup = 34DCA7942714371A0053FCE1 /* Products */;
			projectDirPath = "";
			projectRoot = "";
			targets = (
				34DCA7922714371A0053FCE1 /* The Book */,
			);
		};
/* End PBXProject section */

/* Begin PBXResourcesBuildPhase section */
		34DCA7912714371A0053FCE1 /* Resources */ = {
			isa = PBXResourcesBuildPhase;
			buildActionMask = 2147483647;
			files = (
				34DCA7A62714371C0053FCE1 /* LaunchScreen.storyboard in Resources */,
				34DCA7A32714371C0053FCE1 /* Assets.xcassets in Resources */,
				34DCA79E2714371A0053FCE1 /* Main.storyboard in Resources */,
			);
			runOnlyForDeploymentPostprocessing = 0;
		};
/* End PBXResourcesBuildPhase section */

/* Begin PBXSourcesBuildPhase section */
		34DCA78F2714371A0053FCE1 /* Sources */ = {
			isa = PBXSourcesBuildPhase;
			buildActionMask = 2147483647;
			files = (
				34DCA7B12714385A0053FCE1 /* Author.swift in Sources */,
				34FB21FF27159E1600EED6FE /* Paragraph.swift in Sources */,
				34FB22032715A92E00EED6FE /* Element.swift in Sources */,
				34DCA7A12714371A0053FCE1 /* The_Book.xcdatamodeld in Sources */,
				34DCA79B2714371A0053FCE1 /* ViewController.swift in Sources */,
				34FB21F927159B8500EED6FE /* TableOfContents.swift in Sources */,
				34FB220127159E4900EED6FE /* Table.swift in Sources */,
				B2CDE9C4272AEA1300748F91 /* Helper Functions.swift in Sources */,
				34DCA7972714371A0053FCE1 /* AppDelegate.swift in Sources */,
				34DCA7AF2714380B0053FCE1 /* Book.swift in Sources */,
				B2CDE9C2272AABF000748F91 /* Section.swift in Sources */,
				34DCA7992714371A0053FCE1 /* SceneDelegate.swift in Sources */,
				34FB21FD27159DE000EED6FE /* Image.swift in Sources */,
			);
			runOnlyForDeploymentPostprocessing = 0;
		};
/* End PBXSourcesBuildPhase section */

/* Begin PBXVariantGroup section */
		34DCA79C2714371A0053FCE1 /* Main.storyboard */ = {
			isa = PBXVariantGroup;
			children = (
				34DCA79D2714371A0053FCE1 /* Base */,
			);
			name = Main.storyboard;
			sourceTree = "<group>";
		};
		34DCA7A42714371C0053FCE1 /* LaunchScreen.storyboard */ = {
			isa = PBXVariantGroup;
			children = (
				34DCA7A52714371C0053FCE1 /* Base */,
			);
			name = LaunchScreen.storyboard;
			sourceTree = "<group>";
		};
/* End PBXVariantGroup section */

/* Begin XCBuildConfiguration section */
		34DCA7A82714371C0053FCE1 /* Debug */ = {
			isa = XCBuildConfiguration;
			buildSettings = {
				ALWAYS_SEARCH_USER_PATHS = NO;
				CLANG_ANALYZER_NONNULL = YES;
				CLANG_ANALYZER_NUMBER_OBJECT_CONVERSION = YES_AGGRESSIVE;
				CLANG_CXX_LANGUAGE_STANDARD = "gnu++17";
				CLANG_CXX_LIBRARY = "libc++";
				CLANG_ENABLE_MODULES = YES;
				CLANG_ENABLE_OBJC_ARC = YES;
				CLANG_ENABLE_OBJC_WEAK = YES;
				CLANG_WARN_BLOCK_CAPTURE_AUTORELEASING = YES;
				CLANG_WARN_BOOL_CONVERSION = YES;
				CLANG_WARN_COMMA = YES;
				CLANG_WARN_CONSTANT_CONVERSION = YES;
				CLANG_WARN_DEPRECATED_OBJC_IMPLEMENTATIONS = YES;
				CLANG_WARN_DIRECT_OBJC_ISA_USAGE = YES_ERROR;
				CLANG_WARN_DOCUMENTATION_COMMENTS = YES;
				CLANG_WARN_EMPTY_BODY = YES;
				CLANG_WARN_ENUM_CONVERSION = YES;
				CLANG_WARN_INFINITE_RECURSION = YES;
				CLANG_WARN_INT_CONVERSION = YES;
				CLANG_WARN_NON_LITERAL_NULL_CONVERSION = YES;
				CLANG_WARN_OBJC_IMPLICIT_RETAIN_SELF = YES;
				CLANG_WARN_OBJC_LITERAL_CONVERSION = YES;
				CLANG_WARN_OBJC_ROOT_CLASS = YES_ERROR;
				CLANG_WARN_QUOTED_INCLUDE_IN_FRAMEWORK_HEADER = YES;
				CLANG_WARN_RANGE_LOOP_ANALYSIS = YES;
				CLANG_WARN_STRICT_PROTOTYPES = YES;
				CLANG_WARN_SUSPICIOUS_MOVE = YES;
				CLANG_WARN_UNGUARDED_AVAILABILITY = YES_AGGRESSIVE;
				CLANG_WARN_UNREACHABLE_CODE = YES;
				CLANG_WARN__DUPLICATE_METHOD_MATCH = YES;
				COPY_PHASE_STRIP = NO;
				DEBUG_INFORMATION_FORMAT = dwarf;
				ENABLE_STRICT_OBJC_MSGSEND = YES;
				ENABLE_TESTABILITY = YES;
				GCC_C_LANGUAGE_STANDARD = gnu11;
				GCC_DYNAMIC_NO_PIC = NO;
				GCC_NO_COMMON_BLOCKS = YES;
				GCC_OPTIMIZATION_LEVEL = 0;
				GCC_PREPROCESSOR_DEFINITIONS = (
					"DEBUG=1",
					"$(inherited)",
				);
				GCC_WARN_64_TO_32_BIT_CONVERSION = YES;
				GCC_WARN_ABOUT_RETURN_TYPE = YES_ERROR;
				GCC_WARN_UNDECLARED_SELECTOR = YES;
				GCC_WARN_UNINITIALIZED_AUTOS = YES_AGGRESSIVE;
				GCC_WARN_UNUSED_FUNCTION = YES;
				GCC_WARN_UNUSED_VARIABLE = YES;
				IPHONEOS_DEPLOYMENT_TARGET = 15.0;
				MTL_ENABLE_DEBUG_INFO = INCLUDE_SOURCE;
				MTL_FAST_MATH = YES;
				ONLY_ACTIVE_ARCH = YES;
				SDKROOT = iphoneos;
				SWIFT_ACTIVE_COMPILATION_CONDITIONS = DEBUG;
				SWIFT_OPTIMIZATION_LEVEL = "-Onone";
			};
			name = Debug;
		};
		34DCA7A92714371C0053FCE1 /* Release */ = {
			isa = XCBuildConfiguration;
			buildSettings = {
				ALWAYS_SEARCH_USER_PATHS = NO;
				CLANG_ANALYZER_NONNULL = YES;
				CLANG_ANALYZER_NUMBER_OBJECT_CONVERSION = YES_AGGRESSIVE;
				CLANG_CXX_LANGUAGE_STANDARD = "gnu++17";
				CLANG_CXX_LIBRARY = "libc++";
				CLANG_ENABLE_MODULES = YES;
				CLANG_ENABLE_OBJC_ARC = YES;
				CLANG_ENABLE_OBJC_WEAK = YES;
				CLANG_WARN_BLOCK_CAPTURE_AUTORELEASING = YES;
				CLANG_WARN_BOOL_CONVERSION = YES;
				CLANG_WARN_COMMA = YES;
				CLANG_WARN_CONSTANT_CONVERSION = YES;
				CLANG_WARN_DEPRECATED_OBJC_IMPLEMENTATIONS = YES;
				CLANG_WARN_DIRECT_OBJC_ISA_USAGE = YES_ERROR;
				CLANG_WARN_DOCUMENTATION_COMMENTS = YES;
				CLANG_WARN_EMPTY_BODY = YES;
				CLANG_WARN_ENUM_CONVERSION = YES;
				CLANG_WARN_INFINITE_RECURSION = YES;
				CLANG_WARN_INT_CONVERSION = YES;
				CLANG_WARN_NON_LITERAL_NULL_CONVERSION = YES;
				CLANG_WARN_OBJC_IMPLICIT_RETAIN_SELF = YES;
				CLANG_WARN_OBJC_LITERAL_CONVERSION = YES;
				CLANG_WARN_OBJC_ROOT_CLASS = YES_ERROR;
				CLANG_WARN_QUOTED_INCLUDE_IN_FRAMEWORK_HEADER = YES;
				CLANG_WARN_RANGE_LOOP_ANALYSIS = YES;
				CLANG_WARN_STRICT_PROTOTYPES = YES;
				CLANG_WARN_SUSPICIOUS_MOVE = YES;
				CLANG_WARN_UNGUARDED_AVAILABILITY = YES_AGGRESSIVE;
				CLANG_WARN_UNREACHABLE_CODE = YES;
				CLANG_WARN__DUPLICATE_METHOD_MATCH = YES;
				COPY_PHASE_STRIP = NO;
				DEBUG_INFORMATION_FORMAT = "dwarf-with-dsym";
				ENABLE_NS_ASSERTIONS = NO;
				ENABLE_STRICT_OBJC_MSGSEND = YES;
				GCC_C_LANGUAGE_STANDARD = gnu11;
				GCC_NO_COMMON_BLOCKS = YES;
				GCC_WARN_64_TO_32_BIT_CONVERSION = YES;
				GCC_WARN_ABOUT_RETURN_TYPE = YES_ERROR;
				GCC_WARN_UNDECLARED_SELECTOR = YES;
				GCC_WARN_UNINITIALIZED_AUTOS = YES_AGGRESSIVE;
				GCC_WARN_UNUSED_FUNCTION = YES;
				GCC_WARN_UNUSED_VARIABLE = YES;
				IPHONEOS_DEPLOYMENT_TARGET = 15.0;
				MTL_ENABLE_DEBUG_INFO = NO;
				MTL_FAST_MATH = YES;
				SDKROOT = iphoneos;
				SWIFT_COMPILATION_MODE = wholemodule;
				SWIFT_OPTIMIZATION_LEVEL = "-O";
				VALIDATE_PRODUCT = YES;
			};
			name = Release;
		};
		34DCA7AB2714371C0053FCE1 /* Debug */ = {
			isa = XCBuildConfiguration;
			buildSettings = {
				ASSETCATALOG_COMPILER_APPICON_NAME = AppIcon;
				ASSETCATALOG_COMPILER_GLOBAL_ACCENT_COLOR_NAME = AccentColor;
				CODE_SIGN_STYLE = Automatic;
				CURRENT_PROJECT_VERSION = 1;
				DEVELOPMENT_TEAM = L2AR479Z2P;
				GENERATE_INFOPLIST_FILE = YES;
				INFOPLIST_FILE = "The Book/Info.plist";
				INFOPLIST_KEY_UIApplicationSupportsIndirectInputEvents = YES;
				INFOPLIST_KEY_UILaunchStoryboardName = LaunchScreen;
				INFOPLIST_KEY_UIMainStoryboardFile = Main;
				INFOPLIST_KEY_UISupportedInterfaceOrientations_iPad = "UIInterfaceOrientationPortrait UIInterfaceOrientationPortraitUpsideDown UIInterfaceOrientationLandscapeLeft UIInterfaceOrientationLandscapeRight";
				INFOPLIST_KEY_UISupportedInterfaceOrientations_iPhone = "UIInterfaceOrientationPortrait UIInterfaceOrientationLandscapeLeft UIInterfaceOrientationLandscapeRight";
				LD_RUNPATH_SEARCH_PATHS = (
					"$(inherited)",
					"@executable_path/Frameworks",
				);
				MARKETING_VERSION = 1.0;
				PRODUCT_BUNDLE_IDENTIFIER = "mlvn.The-Book";
				PRODUCT_NAME = "$(TARGET_NAME)";
				SWIFT_EMIT_LOC_STRINGS = YES;
				SWIFT_VERSION = 5.0;
				TARGETED_DEVICE_FAMILY = "1,2";
			};
			name = Debug;
		};
		34DCA7AC2714371C0053FCE1 /* Release */ = {
			isa = XCBuildConfiguration;
			buildSettings = {
				ASSETCATALOG_COMPILER_APPICON_NAME = AppIcon;
				ASSETCATALOG_COMPILER_GLOBAL_ACCENT_COLOR_NAME = AccentColor;
				CODE_SIGN_STYLE = Automatic;
				CURRENT_PROJECT_VERSION = 1;
				DEVELOPMENT_TEAM = L2AR479Z2P;
				GENERATE_INFOPLIST_FILE = YES;
				INFOPLIST_FILE = "The Book/Info.plist";
				INFOPLIST_KEY_UIApplicationSupportsIndirectInputEvents = YES;
				INFOPLIST_KEY_UILaunchStoryboardName = LaunchScreen;
				INFOPLIST_KEY_UIMainStoryboardFile = Main;
				INFOPLIST_KEY_UISupportedInterfaceOrientations_iPad = "UIInterfaceOrientationPortrait UIInterfaceOrientationPortraitUpsideDown UIInterfaceOrientationLandscapeLeft UIInterfaceOrientationLandscapeRight";
				INFOPLIST_KEY_UISupportedInterfaceOrientations_iPhone = "UIInterfaceOrientationPortrait UIInterfaceOrientationLandscapeLeft UIInterfaceOrientationLandscapeRight";
				LD_RUNPATH_SEARCH_PATHS = (
					"$(inherited)",
					"@executable_path/Frameworks",
				);
				MARKETING_VERSION = 1.0;
				PRODUCT_BUNDLE_IDENTIFIER = "mlvn.The-Book";
				PRODUCT_NAME = "$(TARGET_NAME)";
				SWIFT_EMIT_LOC_STRINGS = YES;
				SWIFT_VERSION = 5.0;
				TARGETED_DEVICE_FAMILY = "1,2";
			};
			name = Release;
		};
/* End XCBuildConfiguration section */

/* Begin XCConfigurationList section */
		34DCA78E2714371A0053FCE1 /* Build configuration list for PBXProject "The Book" */ = {
			isa = XCConfigurationList;
			buildConfigurations = (
				34DCA7A82714371C0053FCE1 /* Debug */,
				34DCA7A92714371C0053FCE1 /* Release */,
			);
			defaultConfigurationIsVisible = 0;
			defaultConfigurationName = Release;
		};
		34DCA7AA2714371C0053FCE1 /* Build configuration list for PBXNativeTarget "The Book" */ = {
			isa = XCConfigurationList;
			buildConfigurations = (
				34DCA7AB2714371C0053FCE1 /* Debug */,
				34DCA7AC2714371C0053FCE1 /* Release */,
			);
			defaultConfigurationIsVisible = 0;
			defaultConfigurationName = Release;
		};
/* End XCConfigurationList section */

/* Begin XCVersionGroup section */
		34DCA79F2714371A0053FCE1 /* The_Book.xcdatamodeld */ = {
			isa = XCVersionGroup;
			children = (
				34DCA7A02714371A0053FCE1 /* The_Book.xcdatamodel */,
			);
			currentVersion = 34DCA7A02714371A0053FCE1 /* The_Book.xcdatamodel */;
			path = The_Book.xcdatamodeld;
			sourceTree = "<group>";
			versionGroupType = wrapper.xcdatamodel;
		};
/* End XCVersionGroup section */
	};
	rootObject = 34DCA78B2714371A0053FCE1 /* Project object */;
}
